# This file is automatically @generated by Poetry 2.2.1 and should not be changed by hand.

[[package]]
name = "asgiref"
version = "3.11.0"
description = "ASGI specs, helper code, and adapters"
optional = false
python-versions = ">=3.9"
groups = ["main"]
files = [
    {file = "asgiref-3.11.0-py3-none-any.whl", hash = "sha256:1db9021efadb0d9512ce8ffaf72fcef601c7b73a8807a1bb2ef143dc6b14846d"},
    {file = "asgiref-3.11.0.tar.gz", hash = "sha256:13acff32519542a1736223fb79a715acdebe24286d98e8b164a73085f40da2c4"},
]

[package.extras]
tests = ["mypy (>=1.14.0)", "pytest", "pytest-asyncio"]

[[package]]
name = "debugpy"
version = "1.8.19"
description = "An implementation of the Debug Adapter Protocol for Python"
optional = false
python-versions = ">=3.8"
groups = ["dev"]
files = [
    {file = "debugpy-1.8.19-cp310-cp310-macosx_15_0_x86_64.whl", hash = "sha256:fce6da15d73be5935b4438435c53adb512326a3e11e4f90793ea87cd9f018254"},
    {file = "debugpy-1.8.19-cp310-cp310-manylinux_2_34_x86_64.whl", hash = "sha256:e24b1652a1df1ab04d81e7ead446a91c226de704ff5dde6bd0a0dbaab07aa3f2"},
    {file = "debugpy-1.8.19-cp310-cp310-win32.whl", hash = "sha256:327cb28c3ad9e17bc925efc7f7018195fd4787c2fe4b7af1eec11f1d19bdec62"},
    {file = "debugpy-1.8.19-cp310-cp310-win_amd64.whl", hash = "sha256:b7dd275cf2c99e53adb9654f5ae015f70415bbe2bacbe24cfee30d54b6aa03c5"},
    {file = "debugpy-1.8.19-cp311-cp311-macosx_15_0_universal2.whl", hash = "sha256:c5dcfa21de1f735a4f7ced4556339a109aa0f618d366ede9da0a3600f2516d8b"},
    {file = "debugpy-1.8.19-cp311-cp311-manylinux_2_34_x86_64.whl", hash = "sha256:806d6800246244004625d5222d7765874ab2d22f3ba5f615416cf1342d61c488"},
    {file = "debugpy-1.8.19-cp311-cp311-win32.whl", hash = "sha256:783a519e6dfb1f3cd773a9bda592f4887a65040cb0c7bd38dde410f4e53c40d4"},
    {file = "debugpy-1.8.19-cp311-cp311-win_amd64.whl", hash = "sha256:14035cbdbb1fe4b642babcdcb5935c2da3b1067ac211c5c5a8fdc0bb31adbcaa"},
    {file = "debugpy-1.8.19-cp312-cp312-macosx_15_0_universal2.whl", hash = "sha256:bccb1540a49cde77edc7ce7d9d075c1dbeb2414751bc0048c7a11e1b597a4c2e"},
    {file = "debugpy-1.8.19-cp312-cp312-manylinux_2_34_x86_64.whl", hash = "sha256:e9c68d9a382ec754dc05ed1d1b4ed5bd824b9f7c1a8cd1083adb84b3c93501de"},
    {file = "debugpy-1.8.19-cp312-cp312-win32.whl", hash = "sha256:6599cab8a783d1496ae9984c52cb13b7c4a3bd06a8e6c33446832a5d97ce0bee"},
    {file = "debugpy-1.8.19-cp312-cp312-win_amd64.whl", hash = "sha256:66e3d2fd8f2035a8f111eb127fa508469dfa40928a89b460b41fd988684dc83d"},
    {file = "debugpy-1.8.19-cp313-cp313-macosx_15_0_universal2.whl", hash = "sha256:91e35db2672a0abaf325f4868fcac9c1674a0d9ad9bb8a8c849c03a5ebba3e6d"},
    {file = "debugpy-1.8.19-cp313-cp313-manylinux_2_34_x86_64.whl", hash = "sha256:85016a73ab84dea1c1f1dcd88ec692993bcbe4532d1b49ecb5f3c688ae50c606"},
    {file = "debugpy-1.8.19-cp313-cp313-win32.whl", hash = "sha256:b605f17e89ba0ecee994391194285fada89cee111cfcd29d6f2ee11cbdc40976"},
    {file = "debugpy-1.8.19-cp313-cp313-win_amd64.whl", hash = "sha256:c30639998a9f9cd9699b4b621942c0179a6527f083c72351f95c6ab1728d5b73"},
    {file = "debugpy-1.8.19-cp314-cp314-macosx_15_0_universal2.whl", hash = "sha256:1e8c4d1bd230067bf1bbcdbd6032e5a57068638eb28b9153d008ecde288152af"},
    {file = "debugpy-1.8.19-cp314-cp314-manylinux_2_34_x86_64.whl", hash = "sha256:d40c016c1f538dbf1762936e3aeb43a89b965069d9f60f9e39d35d9d25e6b809"},
    {file = "debugpy-1.8.19-cp314-cp314-win32.whl", hash = "sha256:0601708223fe1cd0e27c6cce67a899d92c7d68e73690211e6788a4b0e1903f5b"},
    {file = "debugpy-1.8.19-cp314-cp314-win_amd64.whl", hash = "sha256:8e19a725f5d486f20e53a1dde2ab8bb2c9607c40c00a42ab646def962b41125f"},
    {file = "debugpy-1.8.19-cp38-cp38-macosx_15_0_x86_64.whl", hash = "sha256:d9b6f633fd2865af2afba2beb0c1819b6ecd4aed1c8f90f5d1bbca3272306b10"},
    {file = "debugpy-1.8.19-cp38-cp38-manylinux_2_34_x86_64.whl", hash = "sha256:a21bfdea088f713df05fa246ba0520f6ba44dd7eaec224742f51987a6979a648"},
    {file = "debugpy-1.8.19-cp38-cp38-win32.whl", hash = "sha256:b1cb98e5325da3059ca24445fca48314bfddfdf65ce1b59ff07055e723f06bd2"},
    {file = "debugpy-1.8.19-cp38-cp38-win_amd64.whl", hash = "sha256:c9b9bf440141a36836bdbe4320a2b126bb38aafa85e1aed05d7bfbb0e2a278bf"},
    {file = "debugpy-1.8.19-cp39-cp39-macosx_15_0_x86_64.whl", hash = "sha256:c047177ab2d286451f242b855b650d313198c4a987140d4b35218b2855a64a4a"},
    {file = "debugpy-1.8.19-cp39-cp39-manylinux_2_34_x86_64.whl", hash = "sha256:4468de0c30012d367944f0eab4ecb8371736e8ef9522a465f61214f344c11183"},
    {file = "debugpy-1.8.19-cp39-cp39-win32.whl", hash = "sha256:7b62c0f015120ede25e5124a5f9d8a424e1208e3d96a36c89958f046ee21fff6"},
    {file = "debugpy-1.8.19-cp39-cp39-win_amd64.whl", hash = "sha256:76f566baaf7f3e06adbe67ffedccd2ee911d1e486f55931939ce3f0fe1090774"},
    {file = "debugpy-1.8.19-py2.py3-none-any.whl", hash = "sha256:360ffd231a780abbc414ba0f005dad409e71c78637efe8f2bd75837132a41d38"},
    {file = "debugpy-1.8.19.tar.gz", hash = "sha256:eea7e5987445ab0b5ed258093722d5ecb8bb72217c5c9b1e21f64efe23ddebdb"},
]

[[package]]
name = "django"
version = "6.0.1"
description = "A high-level Python web framework that encourages rapid development and clean, pragmatic design."
optional = false
python-versions = ">=3.12"
groups = ["main"]
files = [
    {file = "django-6.0.1-py3-none-any.whl", hash = "sha256:a92a4ff14f664a896f9849009cb8afaca7abe0d6fc53325f3d1895a15253433d"},
    {file = "django-6.0.1.tar.gz", hash = "sha256:ed76a7af4da21551573b3d9dfc1f53e20dd2e6c7d70a3adc93eedb6338130a5f"},
]

[package.dependencies]
asgiref = ">=3.9.1"
sqlparse = ">=0.5.0"
tzdata = {version = "*", markers = "sys_platform == \"win32\""}

[package.extras]
argon2 = ["argon2-cffi (>=23.1.0)"]
bcrypt = ["bcrypt (>=4.1.1)"]

[[package]]
name = "dotenv"
version = "0.9.9"
description = "Deprecated package"
optional = false
python-versions = "*"
groups = ["main"]
files = [
    {file = "dotenv-0.9.9-py2.py3-none-any.whl", hash = "sha256:29cf74a087b31dafdb5a446b6d7e11cbce8ed2741540e2339c69fbef92c94ce9"},
]

[package.dependencies]
python-dotenv = "*"

[[package]]
name = "python-dotenv"
version = "1.2.1"
description = "Read key-value pairs from a .env file and set them as environment variables"
optional = false
python-versions = ">=3.9"
groups = ["main"]
files = [
    {file = "python_dotenv-1.2.1-py3-none-any.whl", hash = "sha256:b81ee9561e9ca4004139c6cbba3a238c32b03e4894671e181b671e8cb8425d61"},
    {file = "python_dotenv-1.2.1.tar.gz", hash = "sha256:42667e897e16ab0d66954af0e60a9caa94f0fd4ecf3aaf6d2d260eec1aa36ad6"},
]

[package.extras]
cli = ["click (>=5.0)"]

[[package]]
name = "sqlparse"
version = "0.5.5"
description = "A non-validating SQL parser."
optional = false
python-versions = ">=3.8"
groups = ["main"]
files = [
    {file = "sqlparse-0.5.5-py3-none-any.whl", hash = "sha256:12a08b3bf3eec877c519589833aed092e2444e68240a3577e8e26148acc7b1ba"},
    {file = "sqlparse-0.5.5.tar.gz", hash = "sha256:e20d4a9b0b8585fdf63b10d30066c7c94c5d7a7ec47c889a2d83a3caa93ff28e"},
]

[package.extras]
dev = ["build"]
doc = ["sphinx"]

[[package]]
name = "tzdata"
version = "2025.3"
description = "Provider of IANA time zone data"
optional = false
python-versions = ">=2"
groups = ["main"]
markers = "sys_platform == \"win32\""
files = [
    {file = "tzdata-2025.3-py2.py3-none-any.whl", hash = "sha256:06a47e5700f3081aab02b2e513160914ff0694bce9947d6b76ebd6bf57cfc5d1"},
    {file = "tzdata-2025.3.tar.gz", hash = "sha256:de39c2ca5dc7b0344f2eba86f49d614019d29f060fc4ebc8a417896a620b56a7"},
]

[metadata]
lock-version = "2.1"
python-versions = ">=3.13"
content-hash = "6701df3bbc067e333a296ee2c7377b5bbe6094af04a407b5c63eacea807cbafc"
